{
  "name": "mvp-echo-scribe",
  "lockfileVersion": 3,
  "requires": true,
  "packages": {
    "": {
      "dependencies": {
        "@mvpscale/aoa": "^0.1.4"
      }
    },
    "node_modules/@mvpscale/aoa": {
      "version": "0.1.4",
      "resolved": "https://registry.npmjs.org/@mvpscale/aoa/-/aoa-0.1.4.tgz",
      "integrity": "sha512-7L2SnzgxlOXaPSML5cTYsIPRXMZK8Pe8bsLsLfwiVi0TDj8ChA/xR/yAWZO70uhAIKYjEgOP4RxirPlRT+ZMXw==",
      "hasInstallScript": true,
      "license": "MIT",
      "bin": {
        "aoa": "bin/aoa"
      },
      "optionalDependencies": {
        "@mvpscale/aoa-darwin-arm64": "0.1.4",
        "@mvpscale/aoa-darwin-x64": "0.1.4",
        "@mvpscale/aoa-linux-arm64": "0.1.4",
        "@mvpscale/aoa-linux-x64": "0.1.4"
      }
    },
    "node_modules/@mvpscale/aoa-darwin-arm64": {
      "version": "0.1.4",
      "resolved": "https://registry.npmjs.org/@mvpscale/aoa-darwin-arm64/-/aoa-darwin-arm64-0.1.4.tgz",
      "integrity": "sha512-BTSV+I7QsnJzoiGxO+78p92vdP7t9tG2Gr+ahckOiiuDQ36MBmJNiMZydtK6uDx9dZY5O90Pb0TwTMPOckb0XQ==",
      "cpu": [
        "arm64"
      ],
      "license": "MIT",
      "optional": true,
      "os": [
        "darwin"
      ]
    },
    "node_modules/@mvpscale/aoa-darwin-x64": {
      "version": "0.1.4",
      "resolved": "https://registry.npmjs.org/@mvpscale/aoa-darwin-x64/-/aoa-darwin-x64-0.1.4.tgz",
      "integrity": "sha512-L3GJoTExq5BaoySnJAxKXz9LHwAUKLK4BDzDqr8yKK6YnOpU474lhxI9Sa0CnF8zjum70RQDURjmuuJNm8Juqw==",
      "cpu": [
        "x64"
      ],
      "license": "MIT",
      "optional": true,
      "os": [
        "darwin"
      ]
    },
    "node_modules/@mvpscale/aoa-linux-arm64": {
      "version": "0.1.4",
      "resolved": "https://registry.npmjs.org/@mvpscale/aoa-linux-arm64/-/aoa-linux-arm64-0.1.4.tgz",
      "integrity": "sha512-Ym7Zcb+8FPKrKX1y/1B0+YgpKPx3b4hPF4iW7sXaMmks0p58bsjgOR07Y0mu1nKpzn9KGUHEsce1jW/IKBs6Bg==",
      "cpu": [
        "arm64"
      ],
      "license": "MIT",
      "optional": true,
      "os": [
        "linux"
      ]
    },
    "node_modules/@mvpscale/aoa-linux-x64": {
      "version": "0.1.4",
      "resolved": "https://registry.npmjs.org/@mvpscale/aoa-linux-x64/-/aoa-linux-x64-0.1.4.tgz",
      "integrity": "sha512-P7aJvN62TJL5MnzxpKLg090nVVCRfBmTi6DgIqp5wSTULjdAqV0G2nRfQ6yjbjPI5U6ahzwveYtWY59pNcWGKg==",
      "cpu": [
        "x64"
      ],
      "license": "MIT",
      "optional": true,
      "os": [
        "linux"
      ]
    }
  }
}
